
Microsoft Visual Studio Solution File, Format Version 12.00
# Visual Studio Version 17
VisualStudioVersion = 17.12.35527.113 d17.12
MinimumVisualStudioVersion = 10.0.40219.1
Project("{FAE04EC0-301F-11D3-BF4B-00C04F79EFBC}") = "CalculatorApp", "CalculatorApp\CalculatorApp.csproj", "{366F2775-512D-4CCD-918C-F3F026E25A2A}"
EndProject
Project("{FAE04EC0-301F-11D3-BF4B-00C04F79EFBC}") = "CalculatorAppTests", "CalculatorAppTests\CalculatorAppTests.csproj", "{4668337F-6F74-4434-88B4-AEDF75F46B2B}"
EndProject
Global
	GlobalSection(SolutionConfigurationPlatforms) = preSolution
		Debug|Any CPU = Debug|Any CPU
		Release|Any CPU = Release|Any CPU
	EndGlobalSection
	GlobalSection(ProjectConfigurationPlatforms) = postSolution
		{366F2775-512D-4CCD-918C-F3F026E25A2A}.Debug|Any CPU.ActiveCfg = Debug|Any CPU
		{366F2775-512D-4CCD-918C-F3F026E25A2A}.Debug|Any CPU.Build.0 = Debug|Any CPU
		{366F2775-512D-4CCD-918C-F3F026E25A2A}.Release|Any CPU.ActiveCfg = Release|Any CPU
		{366F2775-512D-4CCD-918C-F3F026E25A2A}.Release|Any CPU.Build.0 = Release|Any CPU
		{4668337F-6F74-4434-88B4-AEDF75F46B2B}.Debug|Any CPU.ActiveCfg = Debug|Any CPU
		{4668337F-6F74-4434-88B4-AEDF75F46B2B}.Debug|Any CPU.Build.0 = Debug|Any CPU
		{4668337F-6F74-4434-88B4-AEDF75F46B2B}.Release|Any CPU.ActiveCfg = Release|Any CPU
		{4668337F-6F74-4434-88B4-AEDF75F46B2B}.Release|Any CPU.Build.0 = Release|Any CPU
	EndGlobalSection
	GlobalSection(SolutionProperties) = preSolution
		HideSolutionNode = FALSE
	EndGlobalSection
EndGlobal
